// !$*UTF8*$!
{
	archiveVersion = 1;
	classes = {
	};
	objectVersion = 46;
	objects = {

/* Begin PBXBuildFile section */
		AA096E0E1C0AE39A004C1BD8 /* AppDelegate.swift in Sources */ = {isa = PBXBuildFile; fileRef = AA096E0D1C0AE39A004C1BD8 /* AppDelegate.swift */; };
		AA096E101C0AE39A004C1BD8 /* ChecklistViewController.swift in Sources */ = {isa = PBXBuildFile; fileRef = AA096E0F1C0AE39A004C1BD8 /* ChecklistViewController.swift */; };
		AA096E131C0AE39A004C1BD8 /* Main.storyboard in Resources */ = {isa = PBXBuildFile; fileRef = AA096E111C0AE39A004C1BD8 /* Main.storyboard */; };
		AA096E151C0AE39A004C1BD8 /* Assets.xcassets in Resources */ = {isa = PBXBuildFile; fileRef = AA096E141C0AE39A004C1BD8 /* Assets.xcassets */; };
		AA096E181C0AE39A004C1BD8 /* LaunchScreen.storyboard in Resources */ = {isa = PBXBuildFile; fileRef = AA096E161C0AE39A004C1BD8 /* LaunchScreen.storyboard */; };
		AA73B7D71C0AFD3800C2FF16 /* ChecklistItem.swift in Sources */ = {isa = PBXBuildFile; fileRef = AA73B7D61C0AFD3800C2FF16 /* ChecklistItem.swift */; };
		AA73B7D91C0B945500C2FF16 /* ItemDetailViewController.swift in Sources */ = {isa = PBXBuildFile; fileRef = AA73B7D81C0B945500C2FF16 /* ItemDetailViewController.swift */; };
/* End PBXBuildFile section */

/* Begin PBXFileReference section */
		AA096E0A1C0AE39A004C1BD8 /* Checklists.app */ = {isa = PBXFileReference; explicitFileType = wrapper.application; includeInIndex = 0; path = Checklists.app; sourceTree = BUILT_PRODUCTS_DIR; };
		AA096E0D1C0AE39A004C1BD8 /* AppDelegate.swift */ = {isa = PBXFileReference; lastKnownFileType = sourcecode.swift; path = AppDelegate.swift; sourceTree = "<group>"; };
		AA096E0F1C0AE39A004C1BD8 /* ChecklistViewController.swift */ = {isa = PBXFileReference; lastKnownFileType = sourcecode.swift; path = ChecklistViewController.swift; sourceTree = "<group>"; };
		AA096E121C0AE39A004C1BD8 /* Base */ = {isa = PBXFileReference; lastKnownFileType = file.storyboard; name = Base; path = Base.lproj/Main.storyboard; sourceTree = "<group>"; };
		AA096E141C0AE39A004C1BD8 /* Assets.xcassets */ = {isa = PBXFileReference; lastKnownFileType = folder.assetcatalog; path = Assets.xcassets; sourceTree = "<group>"; };
		AA096E171C0AE39A004C1BD8 /* Base */ = {isa = PBXFileReference; lastKnownFileType = file.storyboard; name = Base; path = Base.lproj/LaunchScreen.storyboard; sourceTree = "<group>"; };
		AA096E191C0AE39A004C1BD8 /* Info.plist */ = {isa = PBXFileReference; lastKnownFileType = text.plist.xml; path = Info.plist; sourceTree = "<group>"; };
		AA73B7D61C0AFD3800C2FF16 /* ChecklistItem.swift */ = {isa = PBXFileReference; fileEncoding = 4; lastKnownFileType = sourcecode.swift; path = ChecklistItem.swift; sourceTree = "<group>"; };
		AA73B7D81C0B945500C2FF16 /* ItemDetailViewController.swift */ = {isa = PBXFileReference; fileEncoding = 4; lastKnownFileType = sourcecode.swift; path = ItemDetailViewController.swift; sourceTree = "<group>"; };
/* End PBXFileReference section */

/* Begin PBXFrameworksBuildPhase section */
		AA096E071C0AE39A004C1BD8 /* Frameworks */ = {
			isa = PBXFrameworksBuildPhase;
			buildActionMask = 2147483647;
			files = (
			);
			runOnlyForDeploymentPostprocessing = 0;
		};
/* End PBXFrameworksBuildPhase section */

/* Begin PBXGroup section */
		AA096E011C0AE399004C1BD8 = {
			isa = PBXGroup;
			children = (
				AA096E0C1C0AE39A004C1BD8 /* Checklists */,
				AA096E0B1C0AE39A004C1BD8 /* Products */,
			);
			sourceTree = "<group>";
		};
		AA096E0B1C0AE39A004C1BD8 /* Products */ = {
			isa = PBXGroup;
			children = (
				AA096E0A1C0AE39A004C1BD8 /* Checklists.app */,
			);
			name = Products;
			sourceTree = "<group>";
		};
		AA096E0C1C0AE39A004C1BD8 /* Checklists */ = {
			isa = PBXGroup;
			children = (
				AA096E0D1C0AE39A004C1BD8 /* AppDelegate.swift */,
				AA096E0F1C0AE39A004C1BD8 /* ChecklistViewController.swift */,
				AA096E111C0AE39A004C1BD8 /* Main.storyboard */,
				AA096E141C0AE39A004C1BD8 /* Assets.xcassets */,
				AA096E161C0AE39A004C1BD8 /* LaunchScreen.storyboard */,
				AA096E191C0AE39A004C1BD8 /* Info.plist */,
				AA73B7D61C0AFD3800C2FF16 /* ChecklistItem.swift */,
				AA73B7D81C0B945500C2FF16 /* ItemDetailViewController.swift */,
			);
			path = Checklists;
			sourceTree = "<group>";
		};
/* End PBXGroup section */

/* Begin PBXNativeTarget section */
		AA096E091C0AE39A004C1BD8 /* Checklists */ = {
			isa = PBXNativeTarget;
			buildConfigurationList = AA096E1C1C0AE39A004C1BD8 /* Build configuration list for PBXNativeTarget "Checklists" */;
			buildPhases = (
				AA096E061C0AE39A004C1BD8 /* Sources */,
				AA096E071C0AE39A004C1BD8 /* Frameworks */,
				AA096E081C0AE39A004C1BD8 /* Resources */,
			);
			buildRules = (
			);
			dependencies = (
			);
			name = Checklists;
			productName = Checklists;
			productReference = AA096E0A1C0AE39A004C1BD8 /* Checklists.app */;
			productType = "com.apple.product-type.application";
		};
/* End PBXNativeTarget section */

/* Begin PBXProject section */
		AA096E021C0AE399004C1BD8 /* Project object */ = {
			isa = PBXProject;
			attributes = {
				LastSwiftUpdateCheck = 0710;
				LastUpgradeCheck = 0710;
				ORGANIZATIONNAME = "Apple Inc.";
				TargetAttributes = {
					AA096E091C0AE39A004C1BD8 = {
						CreatedOnToolsVersion = 7.1.1;
						DevelopmentTeam = 5NQDSC6WR8;
					};
				};
			};
			buildConfigurationList = AA096E051C0AE399004C1BD8 /* Build configuration list for PBXProject "Checklists" */;
			compatibilityVersion = "Xcode 3.2";
			developmentRegion = English;
			hasScannedForEncodings = 0;
			knownRegions = (
				en,
				Base,
			);
			mainGroup = AA096E011C0AE399004C1BD8;
			productRefGroup = AA096E0B1C0AE39A004C1BD8 /* Products */;
			projectDirPath = "";
			projectRoot = "";
			targets = (
				AA096E091C0AE39A004C1BD8 /* Checklists */,
			);
		};
/* End PBXProject section */

/* Begin PBXResourcesBuildPhase section */
		AA096E081C0AE39A004C1BD8 /* Resources */ = {
			isa = PBXResourcesBuildPhase;
			buildActionMask = 2147483647;
			files = (
				AA096E181C0AE39A004C1BD8 /* LaunchScreen.storyboard in Resources */,
				AA096E151C0AE39A004C1BD8 /* Assets.xcassets in Resources */,
				AA096E131C0AE39A004C1BD8 /* Main.storyboard in Resources */,
			);
			runOnlyForDeploymentPostprocessing = 0;
		};
/* End PBXResourcesBuildPhase section */

/* Begin PBXSourcesBuildPhase section */
		AA096E061C0AE39A004C1BD8 /* Sources */ = {
			isa = PBXSourcesBuildPhase;
			buildActionMask = 2147483647;
			files = (
				AA096E101C0AE39A004C1BD8 /* ChecklistViewController.swift in Sources */,
				AA73B7D71C0AFD3800C2FF16 /* ChecklistItem.swift in Sources */,
				AA73B7D91C0B945500C2FF16 /* ItemDetailViewController.swift in Sources */,
				AA096E0E1C0AE39A004C1BD8 /* AppDelegate.swift in Sources */,
			);
			runOnlyForDeploymentPostprocessing = 0;
		};
/* End PBXSourcesBuildPhase section */

/* Begin PBXVariantGroup section */
		AA096E111C0AE39A004C1BD8 /* Main.storyboard */ = {
			isa = PBXVariantGroup;
			children = (
				AA096E121C0AE39A004C1BD8 /* Base */,
			);
			name = Main.storyboard;
			sourceTree = "<group>";
		};
		AA096E161C0AE39A004C1BD8 /* LaunchScreen.storyboard */ = {
			isa = PBXVariantGroup;
			children = (
				AA096E171C0AE39A004C1BD8 /* Base */,
			);
			name = LaunchScreen.storyboard;
			sourceTree = "<group>";
		};
/* End PBXVariantGroup section */

/* Begin XCBuildConfiguration section */
		AA096E1A1C0AE39A004C1BD8 /* Debug */ = {
			isa = XCBuildConfiguration;
			buildSettings = {
				ALWAYS_SEARCH_USER_PATHS = NO;
				CLANG_CXX_LANGUAGE_STANDARD = "gnu++0x";
				CLANG_CXX_LIBRARY = "libc++";
				CLANG_ENABLE_MODULES = YES;
				CLANG_ENABLE_OBJC_ARC = YES;
				CLANG_WARN_BOOL_CONVERSION = YES;
				CLANG_WARN_CONSTANT_CONVERSION = YES;
				CLANG_WARN_DIRECT_OBJC_ISA_USAGE = YES_ERROR;
				CLANG_WARN_EMPTY_BODY = YES;
				CLANG_WARN_ENUM_CONVERSION = YES;
				CLANG_WARN_INT_CONVERSION = YES;
				CLANG_WARN_OBJC_ROOT_CLASS = YES_ERROR;
				CLANG_WARN_UNREACHABLE_CODE = YES;
				CLANG_WARN__DUPLICATE_METHOD_MATCH = YES;
				"CODE_SIGN_IDENTITY[sdk=iphoneos*]" = "iPhone Developer";
				COPY_PHASE_STRIP = NO;
				DEBUG_INFORMATION_FORMAT = dwarf;
				ENABLE_STRICT_OBJC_MSGSEND = YES;
				ENABLE_TESTABILITY = YES;
				GCC_C_LANGUAGE_STANDARD = gnu99;
				GCC_DYNAMIC_NO_PIC = NO;
				GCC_NO_COMMON_BLOCKS = YES;
				GCC_OPTIMIZATION_LEVEL = 0;
				GCC_PREPROCESSOR_DEFINITIONS = (
					"DEBUG=1",
					"$(inherited)",
				);
				GCC_WARN_64_TO_32_BIT_CONVERSION = YES;
				GCC_WARN_ABOUT_RETURN_TYPE = YES_ERROR;
				GCC_WARN_UNDECLARED_SELECTOR = YES;
				GCC_WARN_UNINITIALIZED_AUTOS = YES_AGGRESSIVE;
				GCC_WARN_UNUSED_FUNCTION = YES;
				GCC_WARN_UNUSED_VARIABLE = YES;
				IPHONEOS_DEPLOYMENT_TARGET = 9.1;
				MTL_ENABLE_DEBUG_INFO = YES;
				ONLY_ACTIVE_ARCH = YES;
				SDKROOT = iphoneos;
				SWIFT_OPTIMIZATION_LEVEL = "-Onone";
			};
			name = Debug;
		};
		AA096E1B1C0AE39A004C1BD8 /* Release */ = {
			isa = XCBuildConfiguration;
			buildSettings = {
				ALWAYS_SEARCH_USER_PATHS = NO;
				CLANG_CXX_LANGUAGE_STANDARD = "gnu++0x";
				CLANG_CXX_LIBRARY = "libc++";
				CLANG_ENABLE_MODULES = YES;
				CLANG_ENABLE_OBJC_ARC = YES;
				CLANG_WARN_BOOL_CONVERSION = YES;
				CLANG_WARN_CONSTANT_CONVERSION = YES;
				CLANG_WARN_DIRECT_OBJC_ISA_USAGE = YES_ERROR;
				CLANG_WARN_EMPTY_BODY = YES;
				CLANG_WARN_ENUM_CONVERSION = YES;
				CLANG_WARN_INT_CONVERSION = YES;
				CLANG_WARN_OBJC_ROOT_CLASS = YES_ERROR;
				CLANG_WARN_UNREACHABLE_CODE = YES;
				CLANG_WARN__DUPLICATE_METHOD_MATCH = YES;
				"CODE_SIGN_IDENTITY[sdk=iphoneos*]" = "iPhone Developer";
				COPY_PHASE_STRIP = NO;
				DEBUG_INFORMATION_FORMAT = "dwarf-with-dsym";
				ENABLE_NS_ASSERTIONS = NO;
				ENABLE_STRICT_OBJC_MSGSEND = YES;
				GCC_C_LANGUAGE_STANDARD = gnu99;
				GCC_NO_COMMON_BLOCKS = YES;
				GCC_WARN_64_TO_32_BIT_CONVERSION = YES;
				GCC_WARN_ABOUT_RETURN_TYPE = YES_ERROR;
				GCC_WARN_UNDECLARED_SELECTOR = YES;
				GCC_WARN_UNINITIALIZED_AUTOS = YES_AGGRESSIVE;
				GCC_WARN_UNUSED_FUNCTION = YES;
				GCC_WARN_UNUSED_VARIABLE = YES;
				IPHONEOS_DEPLOYMENT_TARGET = 9.1;
				MTL_ENABLE_DEBUG_INFO = NO;
				SDKROOT = iphoneos;
				VALIDATE_PRODUCT = YES;
			};
			name = Release;
		};
		AA096E1D1C0AE39A004C1BD8 /* Debug */ = {
			isa = XCBuildConfiguration;
			buildSettings = {
				ASSETCATALOG_COMPILER_APPICON_NAME = AppIcon;
				INFOPLIST_FILE = Checklists/Info.plist;
				LD_RUNPATH_SEARCH_PATHS = "$(inherited) @executable_path/Frameworks";
				PRODUCT_BUNDLE_IDENTIFIER = com.apple.Checklists;
				PRODUCT_NAME = "$(TARGET_NAME)";
			};
			name = Debug;
		};
		AA096E1E1C0AE39A004C1BD8 /* Release */ = {
			isa = XCBuildConfiguration;
			buildSettings = {
				ASSETCATALOG_COMPILER_APPICON_NAME = AppIcon;
				INFOPLIST_FILE = Checklists/Info.plist;
				LD_RUNPATH_SEARCH_PATHS = "$(inherited) @executable_path/Frameworks";
				PRODUCT_BUNDLE_IDENTIFIER = com.apple.Checklists;
				PRODUCT_NAME = "$(TARGET_NAME)";
			};
			name = Release;
		};
/* End XCBuildConfiguration section */

/* Begin XCConfigurationList section */
		AA096E051C0AE399004C1BD8 /* Build configuration list for PBXProject "Checklists" */ = {
			isa = XCConfigurationList;
			buildConfigurations = (
				AA096E1A1C0AE39A004C1BD8 /* Debug */,
				AA096E1B1C0AE39A004C1BD8 /* Release */,
			);
			defaultConfigurationIsVisible = 0;
			defaultConfigurationName = Release;
		};
		AA096E1C1C0AE39A004C1BD8 /* Build configuration list for PBXNativeTarget "Checklists" */ = {
			isa = XCConfigurationList;
			buildConfigurations = (
				AA096E1D1C0AE39A004C1BD8 /* Debug */,
				AA096E1E1C0AE39A004C1BD8 /* Release */,
			);
			defaultConfigurationIsVisible = 0;
			defaultConfigurationName = Release;
		};
/* End XCConfigurationList section */
	};
	rootObject = AA096E021C0AE399004C1BD8 /* Project object */;
}
